
Microsoft Visual Studio Solution File, Format Version 12.00
# Visual Studio Version 17
VisualStudioVersion = 17.1.32210.238
MinimumVisualStudioVersion = 10.0.40219.1
Project("{FAE04EC0-301F-11D3-BF4B-00C04F79EFBC}") = "winapp", "winapp\winapp.csproj", "{5AAFC195-B667-416B-9907-D28DBE130BF5}"
EndProject
Global
	GlobalSection(SolutionConfigurationPlatforms) = preSolution
		Debug|Any CPU = Debug|Any CPU
		Release|Any CPU = Release|Any CPU
	EndGlobalSection
	GlobalSection(ProjectConfigurationPlatforms) = postSolution
		{5AAFC195-B667-416B-9907-D28DBE130BF5}.Debug|Any CPU.ActiveCfg = Debug|Any CPU
		{5AAFC195-B667-416B-9907-D28DBE130BF5}.Debug|Any CPU.Build.0 = Debug|Any CPU
		{5AAFC195-B667-416B-9907-D28DBE130BF5}.Release|Any CPU.ActiveCfg = Release|Any CPU
		{5AAFC195-B667-416B-9907-D28DBE130BF5}.Release|Any CPU.Build.0 = Release|Any CPU
	EndGlobalSection
	GlobalSection(SolutionProperties) = preSolution
		HideSolutionNode = FALSE
	EndGlobalSection
	GlobalSection(ExtensibilityGlobals) = postSolution
		SolutionGuid = {CE0CC32E-1376-49B3-981F-380B3C876B2D}
	EndGlobalSection
EndGlobal
